Microsoft Visual Studio Solution File, Format Version 12.00
# Visual Studio Version 17
VisualStudioVersion = 17.5.2.0
MinimumVisualStudioVersion = 10.0.40219.1
Project("{FAE04EC0-301F-11D3-BF4B-00C04F79EFBC}") = "sso-tester-app", "sso-tester-app.csproj", "{05AB1DBD-F308-8173-5402-6DA35AA826C6}"
EndProject
Global
	GlobalSection(SolutionConfigurationPlatforms) = preSolution
		Debug|Any CPU = Debug|Any CPU
		Release|Any CPU = Release|Any CPU
	EndGlobalSection
	GlobalSection(ProjectConfigurationPlatforms) = postSolution
		{05AB1DBD-F308-8173-5402-6DA35AA826C6}.Debug|Any CPU.ActiveCfg = Debug|Any CPU
		{05AB1DBD-F308-8173-5402-6DA35AA826C6}.Debug|Any CPU.Build.0 = Debug|Any CPU
		{05AB1DBD-F308-8173-5402-6DA35AA826C6}.Release|Any CPU.ActiveCfg = Release|Any CPU
		{05AB1DBD-F308-8173-5402-6DA35AA826C6}.Release|Any CPU.Build.0 = Release|Any CPU
	EndGlobalSection
	GlobalSection(SolutionProperties) = preSolution
		HideSolutionNode = FALSE
	EndGlobalSection
	GlobalSection(ExtensibilityGlobals) = postSolution
		SolutionGuid = {B28A19BA-300E-4DEE-BECF-911CECD5F336}
	EndGlobalSection
EndGlobal
